
Microsoft Visual Studio Solution File, Format Version 12.00
# Visual Studio Version 17
VisualStudioVersion = 17.0.32126.317
MinimumVisualStudioVersion = 10.0.40219.1
Project("{FAE04EC0-301F-11D3-BF4B-00C04F79EFBC}") = "NosData", "NosData\NosData.csproj", "{90FE3040-4ED1-401A-9E10-6D268B81747C}"
EndProject
Global
	GlobalSection(SolutionConfigurationPlatforms) = preSolution
		Debug|Any CPU = Debug|Any CPU
		Release|Any CPU = Release|Any CPU
	EndGlobalSection
	GlobalSection(ProjectConfigurationPlatforms) = postSolution
		{90FE3040-4ED1-401A-9E10-6D268B81747C}.Debug|Any CPU.ActiveCfg = Debug|Any CPU
		{90FE3040-4ED1-401A-9E10-6D268B81747C}.Debug|Any CPU.Build.0 = Debug|Any CPU
		{90FE3040-4ED1-401A-9E10-6D268B81747C}.Release|Any CPU.ActiveCfg = Release|Any CPU
		{90FE3040-4ED1-401A-9E10-6D268B81747C}.Release|Any CPU.Build.0 = Release|Any CPU
	EndGlobalSection
	GlobalSection(SolutionProperties) = preSolution
		HideSolutionNode = FALSE
	EndGlobalSection
	GlobalSection(ExtensibilityGlobals) = postSolution
		SolutionGuid = {77E489B0-ABF1-466D-BFE9-54801EA7A6B8}
	EndGlobalSection
EndGlobal
